
Microsoft Visual Studio Solution File, Format Version 12.00
# Visual Studio Version 17
VisualStudioVersion = 17.1.32407.343
MinimumVisualStudioVersion = 10.0.40219.1
Project("{9A19103F-16F7-4668-BE54-9A1E7A4F7556}") = "EntityFrameworkDemo", "EntityFrameworkDemo\EntityFrameworkDemo.csproj", "{A837FD40-5B12-4388-B789-D816CBC2163C}"
EndProject
Project("{FAE04EC0-301F-11D3-BF4B-00C04F79EFBC}") = "ConsoleApp1", "ConsoleApp1\ConsoleApp1.csproj", "{31273C07-3321-4A88-A119-5E9814DC42C1}"
EndProject
Global
	GlobalSection(SolutionConfigurationPlatforms) = preSolution
		Debug|Any CPU = Debug|Any CPU
		Release|Any CPU = Release|Any CPU
	EndGlobalSection
	GlobalSection(ProjectConfigurationPlatforms) = postSolution
		{A837FD40-5B12-4388-B789-D816CBC2163C}.Debug|Any CPU.ActiveCfg = Debug|Any CPU
		{A837FD40-5B12-4388-B789-D816CBC2163C}.Debug|Any CPU.Build.0 = Debug|Any CPU
		{A837FD40-5B12-4388-B789-D816CBC2163C}.Release|Any CPU.ActiveCfg = Release|Any CPU
		{A837FD40-5B12-4388-B789-D816CBC2163C}.Release|Any CPU.Build.0 = Release|Any CPU
		{31273C07-3321-4A88-A119-5E9814DC42C1}.Debug|Any CPU.ActiveCfg = Debug|Any CPU
		{31273C07-3321-4A88-A119-5E9814DC42C1}.Debug|Any CPU.Build.0 = Debug|Any CPU
		{31273C07-3321-4A88-A119-5E9814DC42C1}.Release|Any CPU.ActiveCfg = Release|Any CPU
		{31273C07-3321-4A88-A119-5E9814DC42C1}.Release|Any CPU.Build.0 = Release|Any CPU
	EndGlobalSection
	GlobalSection(SolutionProperties) = preSolution
		HideSolutionNode = FALSE
	EndGlobalSection
	GlobalSection(ExtensibilityGlobals) = postSolution
		SolutionGuid = {ED285549-C51C-44BE-93A2-7F6664438528}
	EndGlobalSection
EndGlobal
